{
  "name": "ai-tools",
  "lockfileVersion": 3,
  "requires": true,
  "packages": {
    "": {
      "name": "ai-tools",
      "workspaces": [
        "packages/*"
      ]
    },
    "node_modules/@jacob/pi-rlm": {
      "resolved": "packages/rlm",
      "link": true
    },
    "node_modules/@sinclair/typebox": {
      "version": "0.34.48",
      "resolved": "https://registry.npmjs.org/@sinclair/typebox/-/typebox-0.34.48.tgz",
      "integrity": "sha512-kKJTNuK3AQOrgjjotVxMrCn1sUJwM76wMszfq1kdU4uYVJjvEWuFQ6HgvLt4Xz3fSmZlTOxJ/Ie13KnIcWQXFA==",
      "license": "MIT"
    },
    "packages/rlm": {
      "name": "@jacob/pi-rlm",
      "dependencies": {
        "@sinclair/typebox": "^0.34.0"
      }
    }
  }
}
